
Microsoft Visual Studio Solution File, Format Version 12.00
# Visual Studio 15
VisualStudioVersion = 15.0.28307.757
MinimumVisualStudioVersion = 10.0.40219.1
Project("{8BC9CEB8-8B4A-11D0-8D11-00A0C91BC942}") = "Lab1", "Lab1\Lab1.vcxproj", "{2D3A2E77-469F-4AFB-B87C-4C601F4948AE}"
EndProject
Global
	GlobalSection(SolutionConfigurationPlatforms) = preSolution
		Debug|x64 = Debug|x64
		Debug|x86 = Debug|x86
		Release|x64 = Release|x64
		Release|x86 = Release|x86
	EndGlobalSection
	GlobalSection(ProjectConfigurationPlatforms) = postSolution
		{2D3A2E77-469F-4AFB-B87C-4C601F4948AE}.Debug|x64.ActiveCfg = Debug|x64
		{2D3A2E77-469F-4AFB-B87C-4C601F4948AE}.Debug|x64.Build.0 = Debug|x64
		{2D3A2E77-469F-4AFB-B87C-4C601F4948AE}.Debug|x86.ActiveCfg = Debug|Win32
		{2D3A2E77-469F-4AFB-B87C-4C601F4948AE}.Debug|x86.Build.0 = Debug|Win32
		{2D3A2E77-469F-4AFB-B87C-4C601F4948AE}.Release|x64.ActiveCfg = Release|x64
		{2D3A2E77-469F-4AFB-B87C-4C601F4948AE}.Release|x64.Build.0 = Release|x64
		{2D3A2E77-469F-4AFB-B87C-4C601F4948AE}.Release|x86.ActiveCfg = Release|Win32
		{2D3A2E77-469F-4AFB-B87C-4C601F4948AE}.Release|x86.Build.0 = Release|Win32
	EndGlobalSection
	GlobalSection(SolutionProperties) = preSolution
		HideSolutionNode = FALSE
	EndGlobalSection
	GlobalSection(ExtensibilityGlobals) = postSolution
		SolutionGuid = {B0EA654B-08E5-4E55-84E3-D127145DF5A4}
	EndGlobalSection
EndGlobal
